// !$*UTF8*$!
{
	archiveVersion = 1;
	classes = {
	};
	objectVersion = 56;
	objects = {

/* Begin PBXBuildFile section */
		8C29E6FE2B6E6F9500C4F121 /* AppDelegate.swift in Sources */ = {isa = PBXBuildFile; fileRef = 8C29E6FD2B6E6F9500C4F121 /* AppDelegate.swift */; };
		8C29E7002B6E6F9500C4F121 /* SceneDelegate.swift in Sources */ = {isa = PBXBuildFile; fileRef = 8C29E6FF2B6E6F9500C4F121 /* SceneDelegate.swift */; };
		8C29E7022B6E6F9500C4F121 /* HomeViewController.swift in Sources */ = {isa = PBXBuildFile; fileRef = 8C29E7012B6E6F9500C4F121 /* HomeViewController.swift */; };
		8C29E7052B6E6F9500C4F121 /* Main.storyboard in Resources */ = {isa = PBXBuildFile; fileRef = 8C29E7032B6E6F9500C4F121 /* Main.storyboard */; };
		8C29E7072B6E6F9700C4F121 /* Assets.xcassets in Resources */ = {isa = PBXBuildFile; fileRef = 8C29E7062B6E6F9700C4F121 /* Assets.xcassets */; };
		8C29E70A2B6E6F9700C4F121 /* LaunchScreen.storyboard in Resources */ = {isa = PBXBuildFile; fileRef = 8C29E7082B6E6F9700C4F121 /* LaunchScreen.storyboard */; };
		8C29E7142B6E701E00C4F121 /* Alamofire in Frameworks */ = {isa = PBXBuildFile; productRef = 8C29E7132B6E701E00C4F121 /* Alamofire */; };
		8C29E7172B6E702A00C4F121 /* Kingfisher in Frameworks */ = {isa = PBXBuildFile; productRef = 8C29E7162B6E702A00C4F121 /* Kingfisher */; };
		8C29E71A2B6E703400C4F121 /* SnapKit in Frameworks */ = {isa = PBXBuildFile; productRef = 8C29E7192B6E703400C4F121 /* SnapKit */; };
		8C29E71C2B6E703400C4F121 /* SnapKit-Dynamic in Frameworks */ = {isa = PBXBuildFile; productRef = 8C29E71B2B6E703400C4F121 /* SnapKit-Dynamic */; };
		8C29E71F2B6E724E00C4F121 /* Home.swift in Sources */ = {isa = PBXBuildFile; fileRef = 8C29E71E2B6E724E00C4F121 /* Home.swift */; };
		8C29E7212B6E72CA00C4F121 /* Detail.swift in Sources */ = {isa = PBXBuildFile; fileRef = 8C29E7202B6E72CA00C4F121 /* Detail.swift */; };
		8C29E7232B6E737200C4F121 /* SeriesTableViewCell.swift in Sources */ = {isa = PBXBuildFile; fileRef = 8C29E7222B6E737200C4F121 /* SeriesTableViewCell.swift */; };
		8C29E7252B6E738F00C4F121 /* Identifiable+.swift in Sources */ = {isa = PBXBuildFile; fileRef = 8C29E7242B6E738F00C4F121 /* Identifiable+.swift */; };
		8C29E72C2B6E7BF700C4F121 /* TMDBAPIModels.swift in Sources */ = {isa = PBXBuildFile; fileRef = 8C29E72B2B6E7BF700C4F121 /* TMDBAPIModels.swift */; };
		8C29E72E2B6E7C4B00C4F121 /* TMDBEndpoint.swift in Sources */ = {isa = PBXBuildFile; fileRef = 8C29E72D2B6E7C4B00C4F121 /* TMDBEndpoint.swift */; };
		8C29E7302B6E7C7B00C4F121 /* APIKey.swift in Sources */ = {isa = PBXBuildFile; fileRef = 8C29E72F2B6E7C7B00C4F121 /* APIKey.swift */; };
		8C29E7322B6E7F4A00C4F121 /* SeriesCollectionViewCell.swift in Sources */ = {isa = PBXBuildFile; fileRef = 8C29E7312B6E7F4A00C4F121 /* SeriesCollectionViewCell.swift */; };
		8C29E7342B6E88E900C4F121 /* TMDBDataManager.swift in Sources */ = {isa = PBXBuildFile; fileRef = 8C29E7332B6E88E900C4F121 /* TMDBDataManager.swift */; };
		8C29E7372B6E99D800C4F121 /* DetailViewController.swift in Sources */ = {isa = PBXBuildFile; fileRef = 8C29E7362B6E99D800C4F121 /* DetailViewController.swift */; };
		8C29E7392B6E9B7000C4F121 /* SeriesDetailTableViewCell.swift in Sources */ = {isa = PBXBuildFile; fileRef = 8C29E7382B6E9B7000C4F121 /* SeriesDetailTableViewCell.swift */; };
		8C3C29B32B74896F00A4E00D /* ProfileViewController.swift in Sources */ = {isa = PBXBuildFile; fileRef = 8C3C29B22B74896F00A4E00D /* ProfileViewController.swift */; };
		8C3C29B52B748ADB00A4E00D /* ProfileTableViewCell.swift in Sources */ = {isa = PBXBuildFile; fileRef = 8C3C29B42B748ADB00A4E00D /* ProfileTableViewCell.swift */; };
		8C3C29B72B748F2000A4E00D /* ProfileImageTableViewCell.swift in Sources */ = {isa = PBXBuildFile; fileRef = 8C3C29B62B748F2000A4E00D /* ProfileImageTableViewCell.swift */; };
		8C3C29BA2B749C2600A4E00D /* EditViewController.swift in Sources */ = {isa = PBXBuildFile; fileRef = 8C3C29B92B749C2600A4E00D /* EditViewController.swift */; };
		8C3C29C32B74B7AA00A4E00D /* Profile.swift in Sources */ = {isa = PBXBuildFile; fileRef = 8C3C29C22B74B7AA00A4E00D /* Profile.swift */; };
		8C3C29CA2B76448000A4E00D /* SearchImageViewController.swift in Sources */ = {isa = PBXBuildFile; fileRef = 8C3C29C92B76448000A4E00D /* SearchImageViewController.swift */; };
		8C3C29CE2B765D5200A4E00D /* UnsplashImageModel.swift in Sources */ = {isa = PBXBuildFile; fileRef = 8C3C29CD2B765D5200A4E00D /* UnsplashImageModel.swift */; };
		8C3C29D02B765E0C00A4E00D /* UnsplashEndpoint.swift in Sources */ = {isa = PBXBuildFile; fileRef = 8C3C29CF2B765E0C00A4E00D /* UnsplashEndpoint.swift */; };
		8C3C29D22B76611A00A4E00D /* UnsplashManager.swift in Sources */ = {isa = PBXBuildFile; fileRef = 8C3C29D12B76611A00A4E00D /* UnsplashManager.swift */; };
/* End PBXBuildFile section */

/* Begin PBXFileReference section */
		8C29E6FA2B6E6F9500C4F121 /* SESAC-MediaFinal.app */ = {isa = PBXFileReference; explicitFileType = wrapper.application; includeInIndex = 0; path = "SESAC-MediaFinal.app"; sourceTree = BUILT_PRODUCTS_DIR; };
		8C29E6FD2B6E6F9500C4F121 /* AppDelegate.swift */ = {isa = PBXFileReference; lastKnownFileType = sourcecode.swift; path = AppDelegate.swift; sourceTree = "<group>"; };
		8C29E6FF2B6E6F9500C4F121 /* SceneDelegate.swift */ = {isa = PBXFileReference; lastKnownFileType = sourcecode.swift; path = SceneDelegate.swift; sourceTree = "<group>"; };
		8C29E7012B6E6F9500C4F121 /* HomeViewController.swift */ = {isa = PBXFileReference; lastKnownFileType = sourcecode.swift; path = HomeViewController.swift; sourceTree = "<group>"; };
		8C29E7042B6E6F9500C4F121 /* Base */ = {isa = PBXFileReference; lastKnownFileType = file.storyboard; name = Base; path = Base.lproj/Main.storyboard; sourceTree = "<group>"; };
		8C29E7062B6E6F9700C4F121 /* Assets.xcassets */ = {isa = PBXFileReference; lastKnownFileType = folder.assetcatalog; path = Assets.xcassets; sourceTree = "<group>"; };
		8C29E7092B6E6F9700C4F121 /* Base */ = {isa = PBXFileReference; lastKnownFileType = file.storyboard; name = Base; path = Base.lproj/LaunchScreen.storyboard; sourceTree = "<group>"; };
		8C29E70B2B6E6F9700C4F121 /* Info.plist */ = {isa = PBXFileReference; lastKnownFileType = text.plist.xml; path = Info.plist; sourceTree = "<group>"; };
		8C29E71E2B6E724E00C4F121 /* Home.swift */ = {isa = PBXFileReference; lastKnownFileType = sourcecode.swift; path = Home.swift; sourceTree = "<group>"; };
		8C29E7202B6E72CA00C4F121 /* Detail.swift */ = {isa = PBXFileReference; lastKnownFileType = sourcecode.swift; path = Detail.swift; sourceTree = "<group>"; };
		8C29E7222B6E737200C4F121 /* SeriesTableViewCell.swift */ = {isa = PBXFileReference; lastKnownFileType = sourcecode.swift; path = SeriesTableViewCell.swift; sourceTree = "<group>"; };
		8C29E7242B6E738F00C4F121 /* Identifiable+.swift */ = {isa = PBXFileReference; lastKnownFileType = sourcecode.swift; path = "Identifiable+.swift"; sourceTree = "<group>"; };
		8C29E72B2B6E7BF700C4F121 /* TMDBAPIModels.swift */ = {isa = PBXFileReference; lastKnownFileType = sourcecode.swift; path = TMDBAPIModels.swift; sourceTree = "<group>"; };
		8C29E72D2B6E7C4B00C4F121 /* TMDBEndpoint.swift */ = {isa = PBXFileReference; lastKnownFileType = sourcecode.swift; path = TMDBEndpoint.swift; sourceTree = "<group>"; };
		8C29E72F2B6E7C7B00C4F121 /* APIKey.swift */ = {isa = PBXFileReference; lastKnownFileType = sourcecode.swift; path = APIKey.swift; sourceTree = "<group>"; };
		8C29E7312B6E7F4A00C4F121 /* SeriesCollectionViewCell.swift */ = {isa = PBXFileReference; lastKnownFileType = sourcecode.swift; path = SeriesCollectionViewCell.swift; sourceTree = "<group>"; };
		8C29E7332B6E88E900C4F121 /* TMDBDataManager.swift */ = {isa = PBXFileReference; lastKnownFileType = sourcecode.swift; path = TMDBDataManager.swift; sourceTree = "<group>"; };
		8C29E7362B6E99D800C4F121 /* DetailViewController.swift */ = {isa = PBXFileReference; lastKnownFileType = sourcecode.swift; path = DetailViewController.swift; sourceTree = "<group>"; };
		8C29E7382B6E9B7000C4F121 /* SeriesDetailTableViewCell.swift */ = {isa = PBXFileReference; lastKnownFileType = sourcecode.swift; path = SeriesDetailTableViewCell.swift; sourceTree = "<group>"; };
		8C3C29B22B74896F00A4E00D /* ProfileViewController.swift */ = {isa = PBXFileReference; lastKnownFileType = sourcecode.swift; path = ProfileViewController.swift; sourceTree = "<group>"; };
		8C3C29B42B748ADB00A4E00D /* ProfileTableViewCell.swift */ = {isa = PBXFileReference; lastKnownFileType = sourcecode.swift; path = ProfileTableViewCell.swift; sourceTree = "<group>"; };
		8C3C29B62B748F2000A4E00D /* ProfileImageTableViewCell.swift */ = {isa = PBXFileReference; lastKnownFileType = sourcecode.swift; path = ProfileImageTableViewCell.swift; sourceTree = "<group>"; };
		8C3C29B92B749C2600A4E00D /* EditViewController.swift */ = {isa = PBXFileReference; lastKnownFileType = sourcecode.swift; path = EditViewController.swift; sourceTree = "<group>"; };
		8C3C29C22B74B7AA00A4E00D /* Profile.swift */ = {isa = PBXFileReference; lastKnownFileType = sourcecode.swift; path = Profile.swift; sourceTree = "<group>"; };
		8C3C29C92B76448000A4E00D /* SearchImageViewController.swift */ = {isa = PBXFileReference; lastKnownFileType = sourcecode.swift; path = SearchImageViewController.swift; sourceTree = "<group>"; };
		8C3C29CD2B765D5200A4E00D /* UnsplashImageModel.swift */ = {isa = PBXFileReference; lastKnownFileType = sourcecode.swift; path = UnsplashImageModel.swift; sourceTree = "<group>"; };
		8C3C29CF2B765E0C00A4E00D /* UnsplashEndpoint.swift */ = {isa = PBXFileReference; lastKnownFileType = sourcecode.swift; path = UnsplashEndpoint.swift; sourceTree = "<group>"; };
		8C3C29D12B76611A00A4E00D /* UnsplashManager.swift */ = {isa = PBXFileReference; lastKnownFileType = sourcecode.swift; path = UnsplashManager.swift; sourceTree = "<group>"; };
/* End PBXFileReference section */

/* Begin PBXFrameworksBuildPhase section */
		8C29E6F72B6E6F9500C4F121 /* Frameworks */ = {
			isa = PBXFrameworksBuildPhase;
			buildActionMask = 2147483647;
			files = (
				8C29E71A2B6E703400C4F121 /* SnapKit in Frameworks */,
				8C29E7172B6E702A00C4F121 /* Kingfisher in Frameworks */,
				8C29E7142B6E701E00C4F121 /* Alamofire in Frameworks */,
				8C29E71C2B6E703400C4F121 /* SnapKit-Dynamic in Frameworks */,
			);
			runOnlyForDeploymentPostprocessing = 0;
		};
/* End PBXFrameworksBuildPhase section */

/* Begin PBXGroup section */
		8C29E6F12B6E6F9500C4F121 = {
			isa = PBXGroup;
			children = (
				8C29E6FC2B6E6F9500C4F121 /* SESAC-MediaFinal */,
				8C29E6FB2B6E6F9500C4F121 /* Products */,
			);
			sourceTree = "<group>";
		};
		8C29E6FB2B6E6F9500C4F121 /* Products */ = {
			isa = PBXGroup;
			children = (
				8C29E6FA2B6E6F9500C4F121 /* SESAC-MediaFinal.app */,
			);
			name = Products;
			sourceTree = "<group>";
		};
		8C29E6FC2B6E6F9500C4F121 /* SESAC-MediaFinal */ = {
			isa = PBXGroup;
			children = (
				8C29E7112B6E6FA100C4F121 /* Delegates */,
				8C29E7262B6E743400C4F121 /* Extension */,
				8C29E7292B6E7BA600C4F121 /* Models */,
				8C29E7272B6E79A300C4F121 /* Presentaion */,
				8C29E7032B6E6F9500C4F121 /* Main.storyboard */,
				8C29E7062B6E6F9700C4F121 /* Assets.xcassets */,
				8C29E7082B6E6F9700C4F121 /* LaunchScreen.storyboard */,
				8C29E70B2B6E6F9700C4F121 /* Info.plist */,
			);
			path = "SESAC-MediaFinal";
			sourceTree = "<group>";
		};
		8C29E7112B6E6FA100C4F121 /* Delegates */ = {
			isa = PBXGroup;
			children = (
				8C29E6FD2B6E6F9500C4F121 /* AppDelegate.swift */,
				8C29E6FF2B6E6F9500C4F121 /* SceneDelegate.swift */,
			);
			path = Delegates;
			sourceTree = "<group>";
		};
		8C29E71D2B6E722D00C4F121 /* Sections */ = {
			isa = PBXGroup;
			children = (
				8C29E71E2B6E724E00C4F121 /* Home.swift */,
				8C29E7202B6E72CA00C4F121 /* Detail.swift */,
			);
			path = Sections;
			sourceTree = "<group>";
		};
		8C29E7262B6E743400C4F121 /* Extension */ = {
			isa = PBXGroup;
			children = (
				8C29E7242B6E738F00C4F121 /* Identifiable+.swift */,
			);
			path = Extension;
			sourceTree = "<group>";
		};
		8C29E7272B6E79A300C4F121 /* Presentaion */ = {
			isa = PBXGroup;
			children = (
				8C29E7282B6E79B200C4F121 /* Home */,
				8C29E7352B6E987E00C4F121 /* Detail */,
				8C3C29AA2B7460B300A4E00D /* Profile */,
			);
			path = Presentaion;
			sourceTree = "<group>";
		};
		8C29E7282B6E79B200C4F121 /* Home */ = {
			isa = PBXGroup;
			children = (
				8C29E7012B6E6F9500C4F121 /* HomeViewController.swift */,
				8C29E7222B6E737200C4F121 /* SeriesTableViewCell.swift */,
				8C29E7312B6E7F4A00C4F121 /* SeriesCollectionViewCell.swift */,
			);
			path = Home;
			sourceTree = "<group>";
		};
		8C29E7292B6E7BA600C4F121 /* Models */ = {
			isa = PBXGroup;
			children = (
				8C29E72A2B6E7BD400C4F121 /* Network */,
				8C29E71D2B6E722D00C4F121 /* Sections */,
			);
			path = Models;
			sourceTree = "<group>";
		};
		8C29E72A2B6E7BD400C4F121 /* Network */ = {
			isa = PBXGroup;
			children = (
				8C29E72F2B6E7C7B00C4F121 /* APIKey.swift */,
				8C3C29CC2B765CEF00A4E00D /* Unsplash */,
				8C3C29CB2B765CDF00A4E00D /* TMDB */,
			);
			path = Network;
			sourceTree = "<group>";
		};
		8C29E7352B6E987E00C4F121 /* Detail */ = {
			isa = PBXGroup;
			children = (
				8C29E7362B6E99D800C4F121 /* DetailViewController.swift */,
				8C29E7382B6E9B7000C4F121 /* SeriesDetailTableViewCell.swift */,
			);
			path = Detail;
			sourceTree = "<group>";
		};
		8C3C29AA2B7460B300A4E00D /* Profile */ = {
			isa = PBXGroup;
			children = (
				8C3C29C12B74B79C00A4E00D /* Model */,
				8C3C29C02B74B78A00A4E00D /* ProfileMain */,
				8C3C29C62B76443B00A4E00D /* SearchImage */,
				8C3C29B82B749C1100A4E00D /* Edit */,
			);
			path = Profile;
			sourceTree = "<group>";
		};
		8C3C29B82B749C1100A4E00D /* Edit */ = {
			isa = PBXGroup;
			children = (
				8C3C29B92B749C2600A4E00D /* EditViewController.swift */,
			);
			path = Edit;
			sourceTree = "<group>";
		};
		8C3C29C02B74B78A00A4E00D /* ProfileMain */ = {
			isa = PBXGroup;
			children = (
				8C3C29B22B74896F00A4E00D /* ProfileViewController.swift */,
				8C3C29B42B748ADB00A4E00D /* ProfileTableViewCell.swift */,
				8C3C29B62B748F2000A4E00D /* ProfileImageTableViewCell.swift */,
			);
			path = ProfileMain;
			sourceTree = "<group>";
		};
		8C3C29C12B74B79C00A4E00D /* Model */ = {
			isa = PBXGroup;
			children = (
				8C3C29C22B74B7AA00A4E00D /* Profile.swift */,
			);
			path = Model;
			sourceTree = "<group>";
		};
		8C3C29C62B76443B00A4E00D /* SearchImage */ = {
			isa = PBXGroup;
			children = (
				8C3C29C92B76448000A4E00D /* SearchImageViewController.swift */,
			);
			path = SearchImage;
			sourceTree = "<group>";
		};
		8C3C29CB2B765CDF00A4E00D /* TMDB */ = {
			isa = PBXGroup;
			children = (
				8C29E72B2B6E7BF700C4F121 /* TMDBAPIModels.swift */,
				8C29E72D2B6E7C4B00C4F121 /* TMDBEndpoint.swift */,
				8C29E7332B6E88E900C4F121 /* TMDBDataManager.swift */,
			);
			path = TMDB;
			sourceTree = "<group>";
		};
		8C3C29CC2B765CEF00A4E00D /* Unsplash */ = {
			isa = PBXGroup;
			children = (
				8C3C29CD2B765D5200A4E00D /* UnsplashImageModel.swift */,
				8C3C29CF2B765E0C00A4E00D /* UnsplashEndpoint.swift */,
				8C3C29D12B76611A00A4E00D /* UnsplashManager.swift */,
			);
			path = Unsplash;
			sourceTree = "<group>";
		};
/* End PBXGroup section */

/* Begin PBXNativeTarget section */
		8C29E6F92B6E6F9500C4F121 /* SESAC-MediaFinal */ = {
			isa = PBXNativeTarget;
			buildConfigurationList = 8C29E70E2B6E6F9700C4F121 /* Build configuration list for PBXNativeTarget "SESAC-MediaFinal" */;
			buildPhases = (
				8C29E6F62B6E6F9500C4F121 /* Sources */,
				8C29E6F72B6E6F9500C4F121 /* Frameworks */,
				8C29E6F82B6E6F9500C4F121 /* Resources */,
			);
			buildRules = (
			);
			dependencies = (
			);
			name = "SESAC-MediaFinal";
			packageProductDependencies = (
				8C29E7132B6E701E00C4F121 /* Alamofire */,
				8C29E7162B6E702A00C4F121 /* Kingfisher */,
				8C29E7192B6E703400C4F121 /* SnapKit */,
				8C29E71B2B6E703400C4F121 /* SnapKit-Dynamic */,
			);
			productName = "SESAC-MediaFinal";
			productReference = 8C29E6FA2B6E6F9500C4F121 /* SESAC-MediaFinal.app */;
			productType = "com.apple.product-type.application";
		};
/* End PBXNativeTarget section */

/* Begin PBXProject section */
		8C29E6F22B6E6F9500C4F121 /* Project object */ = {
			isa = PBXProject;
			attributes = {
				BuildIndependentTargetsInParallel = 1;
				LastSwiftUpdateCheck = 1520;
				LastUpgradeCheck = 1520;
				TargetAttributes = {
					8C29E6F92B6E6F9500C4F121 = {
						CreatedOnToolsVersion = 15.2;
					};
				};
			};
			buildConfigurationList = 8C29E6F52B6E6F9500C4F121 /* Build configuration list for PBXProject "SESAC-MediaFinal" */;
			compatibilityVersion = "Xcode 14.0";
			developmentRegion = en;
			hasScannedForEncodings = 0;
			knownRegions = (
				en,
				Base,
			);
			mainGroup = 8C29E6F12B6E6F9500C4F121;
			packageReferences = (
				8C29E7122B6E701E00C4F121 /* XCRemoteSwiftPackageReference "Alamofire" */,
				8C29E7152B6E702A00C4F121 /* XCRemoteSwiftPackageReference "Kingfisher" */,
				8C29E7182B6E703400C4F121 /* XCRemoteSwiftPackageReference "SnapKit" */,
			);
			productRefGroup = 8C29E6FB2B6E6F9500C4F121 /* Products */;
			projectDirPath = "";
			projectRoot = "";
			targets = (
				8C29E6F92B6E6F9500C4F121 /* SESAC-MediaFinal */,
			);
		};
/* End PBXProject section */

/* Begin PBXResourcesBuildPhase section */
		8C29E6F82B6E6F9500C4F121 /* Resources */ = {
			isa = PBXResourcesBuildPhase;
			buildActionMask = 2147483647;
			files = (
				8C29E70A2B6E6F9700C4F121 /* LaunchScreen.storyboard in Resources */,
				8C29E7072B6E6F9700C4F121 /* Assets.xcassets in Resources */,
				8C29E7052B6E6F9500C4F121 /* Main.storyboard in Resources */,
			);
			runOnlyForDeploymentPostprocessing = 0;
		};
/* End PBXResourcesBuildPhase section */

/* Begin PBXSourcesBuildPhase section */
		8C29E6F62B6E6F9500C4F121 /* Sources */ = {
			isa = PBXSourcesBuildPhase;
			buildActionMask = 2147483647;
			files = (
				8C29E7372B6E99D800C4F121 /* DetailViewController.swift in Sources */,
				8C3C29CA2B76448000A4E00D /* SearchImageViewController.swift in Sources */,
				8C3C29CE2B765D5200A4E00D /* UnsplashImageModel.swift in Sources */,
				8C3C29C32B74B7AA00A4E00D /* Profile.swift in Sources */,
				8C29E7232B6E737200C4F121 /* SeriesTableViewCell.swift in Sources */,
				8C3C29D22B76611A00A4E00D /* UnsplashManager.swift in Sources */,
				8C29E7342B6E88E900C4F121 /* TMDBDataManager.swift in Sources */,
				8C29E72E2B6E7C4B00C4F121 /* TMDBEndpoint.swift in Sources */,
				8C29E7022B6E6F9500C4F121 /* HomeViewController.swift in Sources */,
				8C29E7212B6E72CA00C4F121 /* Detail.swift in Sources */,
				8C29E7302B6E7C7B00C4F121 /* APIKey.swift in Sources */,
				8C29E6FE2B6E6F9500C4F121 /* AppDelegate.swift in Sources */,
				8C3C29BA2B749C2600A4E00D /* EditViewController.swift in Sources */,
				8C29E7322B6E7F4A00C4F121 /* SeriesCollectionViewCell.swift in Sources */,
				8C3C29B52B748ADB00A4E00D /* ProfileTableViewCell.swift in Sources */,
				8C29E72C2B6E7BF700C4F121 /* TMDBAPIModels.swift in Sources */,
				8C29E71F2B6E724E00C4F121 /* Home.swift in Sources */,
				8C29E7002B6E6F9500C4F121 /* SceneDelegate.swift in Sources */,
				8C3C29B72B748F2000A4E00D /* ProfileImageTableViewCell.swift in Sources */,
				8C3C29B32B74896F00A4E00D /* ProfileViewController.swift in Sources */,
				8C29E7252B6E738F00C4F121 /* Identifiable+.swift in Sources */,
				8C3C29D02B765E0C00A4E00D /* UnsplashEndpoint.swift in Sources */,
				8C29E7392B6E9B7000C4F121 /* SeriesDetailTableViewCell.swift in Sources */,
			);
			runOnlyForDeploymentPostprocessing = 0;
		};
/* End PBXSourcesBuildPhase section */

/* Begin PBXVariantGroup section */
		8C29E7032B6E6F9500C4F121 /* Main.storyboard */ = {
			isa = PBXVariantGroup;
			children = (
				8C29E7042B6E6F9500C4F121 /* Base */,
			);
			name = Main.storyboard;
			sourceTree = "<group>";
		};
		8C29E7082B6E6F9700C4F121 /* LaunchScreen.storyboard */ = {
			isa = PBXVariantGroup;
			children = (
				8C29E7092B6E6F9700C4F121 /* Base */,
			);
			name = LaunchScreen.storyboard;
			sourceTree = "<group>";
		};
/* End PBXVariantGroup section */

/* Begin XCBuildConfiguration section */
		8C29E70C2B6E6F9700C4F121 /* Debug */ = {
			isa = XCBuildConfiguration;
			buildSettings = {
				ALWAYS_SEARCH_USER_PATHS = NO;
				ASSETCATALOG_COMPILER_GENERATE_SWIFT_ASSET_SYMBOL_EXTENSIONS = YES;
				CLANG_ANALYZER_NONNULL = YES;
				CLANG_ANALYZER_NUMBER_OBJECT_CONVERSION = YES_AGGRESSIVE;
				CLANG_CXX_LANGUAGE_STANDARD = "gnu++20";
				CLANG_ENABLE_MODULES = YES;
				CLANG_ENABLE_OBJC_ARC = YES;
				CLANG_ENABLE_OBJC_WEAK = YES;
				CLANG_WARN_BLOCK_CAPTURE_AUTORELEASING = YES;
				CLANG_WARN_BOOL_CONVERSION = YES;
				CLANG_WARN_COMMA = YES;
				CLANG_WARN_CONSTANT_CONVERSION = YES;
				CLANG_WARN_DEPRECATED_OBJC_IMPLEMENTATIONS = YES;
				CLANG_WARN_DIRECT_OBJC_ISA_USAGE = YES_ERROR;
				CLANG_WARN_DOCUMENTATION_COMMENTS = YES;
				CLANG_WARN_EMPTY_BODY = YES;
				CLANG_WARN_ENUM_CONVERSION = YES;
				CLANG_WARN_INFINITE_RECURSION = YES;
				CLANG_WARN_INT_CONVERSION = YES;
				CLANG_WARN_NON_LITERAL_NULL_CONVERSION = YES;
				CLANG_WARN_OBJC_IMPLICIT_RETAIN_SELF = YES;
				CLANG_WARN_OBJC_LITERAL_CONVERSION = YES;
				CLANG_WARN_OBJC_ROOT_CLASS = YES_ERROR;
				CLANG_WARN_QUOTED_INCLUDE_IN_FRAMEWORK_HEADER = YES;
				CLANG_WARN_RANGE_LOOP_ANALYSIS = YES;
				CLANG_WARN_STRICT_PROTOTYPES = YES;
				CLANG_WARN_SUSPICIOUS_MOVE = YES;
				CLANG_WARN_UNGUARDED_AVAILABILITY = YES_AGGRESSIVE;
				CLANG_WARN_UNREACHABLE_CODE = YES;
				CLANG_WARN__DUPLICATE_METHOD_MATCH = YES;
				COPY_PHASE_STRIP = NO;
				DEBUG_INFORMATION_FORMAT = dwarf;
				ENABLE_STRICT_OBJC_MSGSEND = YES;
				ENABLE_TESTABILITY = YES;
				ENABLE_USER_SCRIPT_SANDBOXING = YES;
				GCC_C_LANGUAGE_STANDARD = gnu17;
				GCC_DYNAMIC_NO_PIC = NO;
				GCC_NO_COMMON_BLOCKS = YES;
				GCC_OPTIMIZATION_LEVEL = 0;
				GCC_PREPROCESSOR_DEFINITIONS = (
					"DEBUG=1",
					"$(inherited)",
				);
				GCC_WARN_64_TO_32_BIT_CONVERSION = YES;
				GCC_WARN_ABOUT_RETURN_TYPE = YES_ERROR;
				GCC_WARN_UNDECLARED_SELECTOR = YES;
				GCC_WARN_UNINITIALIZED_AUTOS = YES_AGGRESSIVE;
				GCC_WARN_UNUSED_FUNCTION = YES;
				GCC_WARN_UNUSED_VARIABLE = YES;
				IPHONEOS_DEPLOYMENT_TARGET = 17.2;
				LOCALIZATION_PREFERS_STRING_CATALOGS = YES;
				MTL_ENABLE_DEBUG_INFO = INCLUDE_SOURCE;
				MTL_FAST_MATH = YES;
				ONLY_ACTIVE_ARCH = YES;
				SDKROOT = iphoneos;
				SWIFT_ACTIVE_COMPILATION_CONDITIONS = "DEBUG $(inherited)";
				SWIFT_OPTIMIZATION_LEVEL = "-Onone";
			};
			name = Debug;
		};
		8C29E70D2B6E6F9700C4F121 /* Release */ = {
			isa = XCBuildConfiguration;
			buildSettings = {
				ALWAYS_SEARCH_USER_PATHS = NO;
				ASSETCATALOG_COMPILER_GENERATE_SWIFT_ASSET_SYMBOL_EXTENSIONS = YES;
				CLANG_ANALYZER_NONNULL = YES;
				CLANG_ANALYZER_NUMBER_OBJECT_CONVERSION = YES_AGGRESSIVE;
				CLANG_CXX_LANGUAGE_STANDARD = "gnu++20";
				CLANG_ENABLE_MODULES = YES;
				CLANG_ENABLE_OBJC_ARC = YES;
				CLANG_ENABLE_OBJC_WEAK = YES;
				CLANG_WARN_BLOCK_CAPTURE_AUTORELEASING = YES;
				CLANG_WARN_BOOL_CONVERSION = YES;
				CLANG_WARN_COMMA = YES;
				CLANG_WARN_CONSTANT_CONVERSION = YES;
				CLANG_WARN_DEPRECATED_OBJC_IMPLEMENTATIONS = YES;
				CLANG_WARN_DIRECT_OBJC_ISA_USAGE = YES_ERROR;
				CLANG_WARN_DOCUMENTATION_COMMENTS = YES;
				CLANG_WARN_EMPTY_BODY = YES;
				CLANG_WARN_ENUM_CONVERSION = YES;
				CLANG_WARN_INFINITE_RECURSION = YES;
				CLANG_WARN_INT_CONVERSION = YES;
				CLANG_WARN_NON_LITERAL_NULL_CONVERSION = YES;
				CLANG_WARN_OBJC_IMPLICIT_RETAIN_SELF = YES;
				CLANG_WARN_OBJC_LITERAL_CONVERSION = YES;
				CLANG_WARN_OBJC_ROOT_CLASS = YES_ERROR;
				CLANG_WARN_QUOTED_INCLUDE_IN_FRAMEWORK_HEADER = YES;
				CLANG_WARN_RANGE_LOOP_ANALYSIS = YES;
				CLANG_WARN_STRICT_PROTOTYPES = YES;
				CLANG_WARN_SUSPICIOUS_MOVE = YES;
				CLANG_WARN_UNGUARDED_AVAILABILITY = YES_AGGRESSIVE;
				CLANG_WARN_UNREACHABLE_CODE = YES;
				CLANG_WARN__DUPLICATE_METHOD_MATCH = YES;
				COPY_PHASE_STRIP = NO;
				DEBUG_INFORMATION_FORMAT = "dwarf-with-dsym";
				ENABLE_NS_ASSERTIONS = NO;
				ENABLE_STRICT_OBJC_MSGSEND = YES;
				ENABLE_USER_SCRIPT_SANDBOXING = YES;
				GCC_C_LANGUAGE_STANDARD = gnu17;
				GCC_NO_COMMON_BLOCKS = YES;
				GCC_WARN_64_TO_32_BIT_CONVERSION = YES;
				GCC_WARN_ABOUT_RETURN_TYPE = YES_ERROR;
				GCC_WARN_UNDECLARED_SELECTOR = YES;
				GCC_WARN_UNINITIALIZED_AUTOS = YES_AGGRESSIVE;
				GCC_WARN_UNUSED_FUNCTION = YES;
				GCC_WARN_UNUSED_VARIABLE = YES;
				IPHONEOS_DEPLOYMENT_TARGET = 17.2;
				LOCALIZATION_PREFERS_STRING_CATALOGS = YES;
				MTL_ENABLE_DEBUG_INFO = NO;
				MTL_FAST_MATH = YES;
				SDKROOT = iphoneos;
				SWIFT_COMPILATION_MODE = wholemodule;
				VALIDATE_PRODUCT = YES;
			};
			name = Release;
		};
		8C29E70F2B6E6F9700C4F121 /* Debug */ = {
			isa = XCBuildConfiguration;
			buildSettings = {
				ASSETCATALOG_COMPILER_APPICON_NAME = AppIcon;
				ASSETCATALOG_COMPILER_GLOBAL_ACCENT_COLOR_NAME = AccentColor;
				CODE_SIGN_STYLE = Automatic;
				CURRENT_PROJECT_VERSION = 1;
				DEVELOPMENT_TEAM = WZ7JVY478C;
				GENERATE_INFOPLIST_FILE = YES;
				INFOPLIST_FILE = "SESAC-MediaFinal/Info.plist";
				INFOPLIST_KEY_UIApplicationSupportsIndirectInputEvents = YES;
				INFOPLIST_KEY_UILaunchStoryboardName = LaunchScreen;
				INFOPLIST_KEY_UIMainStoryboardFile = Main;
				INFOPLIST_KEY_UISupportedInterfaceOrientations_iPad = "UIInterfaceOrientationPortrait UIInterfaceOrientationPortraitUpsideDown UIInterfaceOrientationLandscapeLeft UIInterfaceOrientationLandscapeRight";
				INFOPLIST_KEY_UISupportedInterfaceOrientations_iPhone = "UIInterfaceOrientationPortrait UIInterfaceOrientationLandscapeLeft UIInterfaceOrientationLandscapeRight";
				LD_RUNPATH_SEARCH_PATHS = (
					"$(inherited)",
					"@executable_path/Frameworks",
				);
				MARKETING_VERSION = 1.0;
				PRODUCT_BUNDLE_IDENTIFIER = "com.seryunchun.SESAC-MediaFinal";
				PRODUCT_NAME = "$(TARGET_NAME)";
				SUPPORTED_PLATFORMS = "iphoneos iphonesimulator";
				SUPPORTS_MACCATALYST = NO;
				SUPPORTS_MAC_DESIGNED_FOR_IPHONE_IPAD = NO;
				SUPPORTS_XR_DESIGNED_FOR_IPHONE_IPAD = NO;
				SWIFT_EMIT_LOC_STRINGS = YES;
				SWIFT_VERSION = 5.0;
				TARGETED_DEVICE_FAMILY = 1;
			};
			name = Debug;
		};
		8C29E7102B6E6F9700C4F121 /* Release */ = {
			isa = XCBuildConfiguration;
			buildSettings = {
				ASSETCATALOG_COMPILER_APPICON_NAME = AppIcon;
				ASSETCATALOG_COMPILER_GLOBAL_ACCENT_COLOR_NAME = AccentColor;
				CODE_SIGN_STYLE = Automatic;
				CURRENT_PROJECT_VERSION = 1;
				DEVELOPMENT_TEAM = WZ7JVY478C;
				GENERATE_INFOPLIST_FILE = YES;
				INFOPLIST_FILE = "SESAC-MediaFinal/Info.plist";
				INFOPLIST_KEY_UIApplicationSupportsIndirectInputEvents = YES;
				INFOPLIST_KEY_UILaunchStoryboardName = LaunchScreen;
				INFOPLIST_KEY_UIMainStoryboardFile = Main;
				INFOPLIST_KEY_UISupportedInterfaceOrientations_iPad = "UIInterfaceOrientationPortrait UIInterfaceOrientationPortraitUpsideDown UIInterfaceOrientationLandscapeLeft UIInterfaceOrientationLandscapeRight";
				INFOPLIST_KEY_UISupportedInterfaceOrientations_iPhone = "UIInterfaceOrientationPortrait UIInterfaceOrientationLandscapeLeft UIInterfaceOrientationLandscapeRight";
				LD_RUNPATH_SEARCH_PATHS = (
					"$(inherited)",
					"@executable_path/Frameworks",
				);
				MARKETING_VERSION = 1.0;
				PRODUCT_BUNDLE_IDENTIFIER = "com.seryunchun.SESAC-MediaFinal";
				PRODUCT_NAME = "$(TARGET_NAME)";
				SUPPORTED_PLATFORMS = "iphoneos iphonesimulator";
				SUPPORTS_MACCATALYST = NO;
				SUPPORTS_MAC_DESIGNED_FOR_IPHONE_IPAD = NO;
				SUPPORTS_XR_DESIGNED_FOR_IPHONE_IPAD = NO;
				SWIFT_EMIT_LOC_STRINGS = YES;
				SWIFT_VERSION = 5.0;
				TARGETED_DEVICE_FAMILY = 1;
			};
			name = Release;
		};
/* End XCBuildConfiguration section */

/* Begin XCConfigurationList section */
		8C29E6F52B6E6F9500C4F121 /* Build configuration list for PBXProject "SESAC-MediaFinal" */ = {
			isa = XCConfigurationList;
			buildConfigurations = (
				8C29E70C2B6E6F9700C4F121 /* Debug */,
				8C29E70D2B6E6F9700C4F121 /* Release */,
			);
			defaultConfigurationIsVisible = 0;
			defaultConfigurationName = Release;
		};
		8C29E70E2B6E6F9700C4F121 /* Build configuration list for PBXNativeTarget "SESAC-MediaFinal" */ = {
			isa = XCConfigurationList;
			buildConfigurations = (
				8C29E70F2B6E6F9700C4F121 /* Debug */,
				8C29E7102B6E6F9700C4F121 /* Release */,
			);
			defaultConfigurationIsVisible = 0;
			defaultConfigurationName = Release;
		};
/* End XCConfigurationList section */

/* Begin XCRemoteSwiftPackageReference section */
		8C29E7122B6E701E00C4F121 /* XCRemoteSwiftPackageReference "Alamofire" */ = {
			isa = XCRemoteSwiftPackageReference;
			repositoryURL = "https://github.com/Alamofire/Alamofire";
			requirement = {
				kind = upToNextMajorVersion;
				minimumVersion = 5.8.1;
			};
		};
		8C29E7152B6E702A00C4F121 /* XCRemoteSwiftPackageReference "Kingfisher" */ = {
			isa = XCRemoteSwiftPackageReference;
			repositoryURL = "https://github.com/onevcat/Kingfisher.git";
			requirement = {
				kind = upToNextMajorVersion;
				minimumVersion = 7.10.2;
			};
		};
		8C29E7182B6E703400C4F121 /* XCRemoteSwiftPackageReference "SnapKit" */ = {
			isa = XCRemoteSwiftPackageReference;
			repositoryURL = "https://github.com/SnapKit/SnapKit.git";
			requirement = {
				kind = upToNextMajorVersion;
				minimumVersion = 5.7.0;
			};
		};
/* End XCRemoteSwiftPackageReference section */

/* Begin XCSwiftPackageProductDependency section */
		8C29E7132B6E701E00C4F121 /* Alamofire */ = {
			isa = XCSwiftPackageProductDependency;
			package = 8C29E7122B6E701E00C4F121 /* XCRemoteSwiftPackageReference "Alamofire" */;
			productName = Alamofire;
		};
		8C29E7162B6E702A00C4F121 /* Kingfisher */ = {
			isa = XCSwiftPackageProductDependency;
			package = 8C29E7152B6E702A00C4F121 /* XCRemoteSwiftPackageReference "Kingfisher" */;
			productName = Kingfisher;
		};
		8C29E7192B6E703400C4F121 /* SnapKit */ = {
			isa = XCSwiftPackageProductDependency;
			package = 8C29E7182B6E703400C4F121 /* XCRemoteSwiftPackageReference "SnapKit" */;
			productName = SnapKit;
		};
		8C29E71B2B6E703400C4F121 /* SnapKit-Dynamic */ = {
			isa = XCSwiftPackageProductDependency;
			package = 8C29E7182B6E703400C4F121 /* XCRemoteSwiftPackageReference "SnapKit" */;
			productName = "SnapKit-Dynamic";
		};
/* End XCSwiftPackageProductDependency section */
	};
	rootObject = 8C29E6F22B6E6F9500C4F121 /* Project object */;
}
